
Microsoft Visual Studio Solution File, Format Version 12.00
# Visual Studio Version 17
VisualStudioVersion = 17.11.35327.3
MinimumVisualStudioVersion = 10.0.40219.1
Project("{9A19103F-16F7-4668-BE54-9A1E7A4F7556}") = "University-Dasboard", "University-Dasboard\University-Dasboard.csproj", "{20CD1F84-EC66-4114-B316-C0B3EA8DB986}"
EndProject
Global
	GlobalSection(SolutionConfigurationPlatforms) = preSolution
		Debug|Any CPU = Debug|Any CPU
		Release|Any CPU = Release|Any CPU
	EndGlobalSection
	GlobalSection(ProjectConfigurationPlatforms) = postSolution
		{20CD1F84-EC66-4114-B316-C0B3EA8DB986}.Debug|Any CPU.ActiveCfg = Debug|Any CPU
		{20CD1F84-EC66-4114-B316-C0B3EA8DB986}.Debug|Any CPU.Build.0 = Debug|Any CPU
		{20CD1F84-EC66-4114-B316-C0B3EA8DB986}.Release|Any CPU.ActiveCfg = Release|Any CPU
		{20CD1F84-EC66-4114-B316-C0B3EA8DB986}.Release|Any CPU.Build.0 = Release|Any CPU
	EndGlobalSection
	GlobalSection(SolutionProperties) = preSolution
		HideSolutionNode = FALSE
	EndGlobalSection
	GlobalSection(ExtensibilityGlobals) = postSolution
		SolutionGuid = {4303E6FE-6C92-4E2E-9558-D7B76C7B7496}
	EndGlobalSection
EndGlobal
